// !$*UTF8*$!
{
	archiveVersion = 1;
	classes = {
	};
	objectVersion = 77;
	objects = {

/* Begin PBXBuildFile section */
		8806F3B92EE0B0B50082B105 /* CameraView.swift in Sources */ = {isa = PBXBuildFile; fileRef = 8806F3B82EE0B0B50082B105 /* CameraView.swift */; };
		880BCC502EEDF9F900089BB3 /* AppTheme.swift in Sources */ = {isa = PBXBuildFile; fileRef = 880BCC4F2EEDF9F900089BB3 /* AppTheme.swift */; };
		882919952EECB76F0050C8A8 /* CameraPermissionManager.swift in Sources */ = {isa = PBXBuildFile; fileRef = 882919942EECB76F0050C8A8 /* CameraPermissionManager.swift */; };
		883754502F16E74A00021F8D /* Assets.xcassets in Resources */ = {isa = PBXBuildFile; fileRef = 883754402F16E74A00021F8D /* Assets.xcassets */; };
		8846F77D2F2407BA0011F803 /* SpeechManager.swift in Sources */ = {isa = PBXBuildFile; fileRef = 8846F77C2F2407BA0011F803 /* SpeechManager.swift */; };
		8846F77F2F2407F00011F803 /* SpeechSettings.swift in Sources */ = {isa = PBXBuildFile; fileRef = 8846F77E2F2407F00011F803 /* SpeechSettings.swift */; };
		886540D12EE681A70010D08D /* OnboardingView.swift in Sources */ = {isa = PBXBuildFile; fileRef = 886540D02EE681A70010D08D /* OnboardingView.swift */; };
		888364702F200CAA00CB5773 /* MenuView.swift in Sources */ = {isa = PBXBuildFile; fileRef = 8883646F2F200CAA00CB5773 /* MenuView.swift */; };
		DC34875A2EF1F5750006D3AE /* AllViews.swift in Sources */ = {isa = PBXBuildFile; fileRef = DC3487512EF1F5750006D3AE /* AllViews.swift */; };
/* End PBXBuildFile section */

/* Begin PBXContainerItemProxy section */
		DC4606712EF00788005EB67B /* PBXContainerItemProxy */ = {
			isa = PBXContainerItemProxy;
			containerPortal = 888AF12D2ED64B9500EB16CC /* Project object */;
			proxyType = 1;
			remoteGlobalIDString = 888AF1342ED64B9500EB16CC;
			remoteInfo = PouchCellInspecter;
		};
/* End PBXContainerItemProxy section */

/* Begin PBXFileReference section */
		8806F3B82EE0B0B50082B105 /* CameraView.swift */ = {isa = PBXFileReference; lastKnownFileType = sourcecode.swift; path = CameraView.swift; sourceTree = "<group>"; };
		880BCC4F2EEDF9F900089BB3 /* AppTheme.swift */ = {isa = PBXFileReference; lastKnownFileType = sourcecode.swift; path = AppTheme.swift; sourceTree = "<group>"; };
		882919942EECB76F0050C8A8 /* CameraPermissionManager.swift */ = {isa = PBXFileReference; lastKnownFileType = sourcecode.swift; path = CameraPermissionManager.swift; sourceTree = "<group>"; };
		883754402F16E74A00021F8D /* Assets.xcassets */ = {isa = PBXFileReference; lastKnownFileType = folder.assetcatalog; path = Assets.xcassets; sourceTree = "<group>"; };
		8846F77C2F2407BA0011F803 /* SpeechManager.swift */ = {isa = PBXFileReference; lastKnownFileType = sourcecode.swift; path = SpeechManager.swift; sourceTree = "<group>"; };
		8846F77E2F2407F00011F803 /* SpeechSettings.swift */ = {isa = PBXFileReference; lastKnownFileType = sourcecode.swift; path = SpeechSettings.swift; sourceTree = "<group>"; };
		886540D02EE681A70010D08D /* OnboardingView.swift */ = {isa = PBXFileReference; lastKnownFileType = sourcecode.swift; path = OnboardingView.swift; sourceTree = "<group>"; };
		8883646F2F200CAA00CB5773 /* MenuView.swift */ = {isa = PBXFileReference; lastKnownFileType = sourcecode.swift; path = MenuView.swift; sourceTree = "<group>"; };
		888AF1352ED64B9500EB16CC /* PouchCellInspecter.app */ = {isa = PBXFileReference; explicitFileType = wrapper.application; includeInIndex = 0; path = PouchCellInspecter.app; sourceTree = BUILT_PRODUCTS_DIR; };
		DC3487512EF1F5750006D3AE /* AllViews.swift */ = {isa = PBXFileReference; lastKnownFileType = sourcecode.swift; path = AllViews.swift; sourceTree = "<group>"; };
		DC46066D2EF00788005EB67B /* PouchCellInspecterTests.xctest */ = {isa = PBXFileReference; explicitFileType = wrapper.cfbundle; includeInIndex = 0; path = PouchCellInspecterTests.xctest; sourceTree = BUILT_PRODUCTS_DIR; };
/* End PBXFileReference section */

/* Begin PBXFileSystemSynchronizedBuildFileExceptionSet section */
		DC4606762EF008C1005EB67B /* Exceptions for "PouchCellInspecterTests" folder in "PouchCellInspecter" target */ = {
			isa = PBXFileSystemSynchronizedBuildFileExceptionSet;
			membershipExceptions = (
				test_image.jpg,
			);
			target = 888AF1342ED64B9500EB16CC /* PouchCellInspecter */;
		};
		DCB71C8C2EF0DE5B00AFE0AD /* Exceptions for "PouchCellInspecter" folder in "PouchCellInspecterTests" target */ = {
			isa = PBXFileSystemSynchronizedBuildFileExceptionSet;
			membershipExceptions = (
				SVMClassifier.mlmodel,
			);
			target = DC46066C2EF00788005EB67B /* PouchCellInspecterTests */;
		};
/* End PBXFileSystemSynchronizedBuildFileExceptionSet section */

/* Begin PBXFileSystemSynchronizedRootGroup section */
		888AF1372ED64B9500EB16CC /* PouchCellInspecter */ = {
			isa = PBXFileSystemSynchronizedRootGroup;
			exceptions = (
				DCB71C8C2EF0DE5B00AFE0AD /* Exceptions for "PouchCellInspecter" folder in "PouchCellInspecterTests" target */,
			);
			path = PouchCellInspecter;
			sourceTree = "<group>";
		};
		DC46066E2EF00788005EB67B /* PouchCellInspecterTests */ = {
			isa = PBXFileSystemSynchronizedRootGroup;
			exceptions = (
				DC4606762EF008C1005EB67B /* Exceptions for "PouchCellInspecterTests" folder in "PouchCellInspecter" target */,
			);
			path = PouchCellInspecterTests;
			sourceTree = "<group>";
		};
/* End PBXFileSystemSynchronizedRootGroup section */

/* Begin PBXFrameworksBuildPhase section */
		888AF1322ED64B9500EB16CC /* Frameworks */ = {
			isa = PBXFrameworksBuildPhase;
			buildActionMask = 2147483647;
			files = (
			);
			runOnlyForDeploymentPostprocessing = 0;
		};
		DC46066A2EF00788005EB67B /* Frameworks */ = {
			isa = PBXFrameworksBuildPhase;
			buildActionMask = 2147483647;
			files = (
			);
			runOnlyForDeploymentPostprocessing = 0;
		};
/* End PBXFrameworksBuildPhase section */

/* Begin PBXGroup section */
		888AF12C2ED64B9500EB16CC = {
			isa = PBXGroup;
			children = (
				8883646F2F200CAA00CB5773 /* MenuView.swift */,
				8846F77C2F2407BA0011F803 /* SpeechManager.swift */,
				8846F77E2F2407F00011F803 /* SpeechSettings.swift */,
				DC3487512EF1F5750006D3AE /* AllViews.swift */,
				886540D02EE681A70010D08D /* OnboardingView.swift */,
				8806F3B82EE0B0B50082B105 /* CameraView.swift */,
				883754402F16E74A00021F8D /* Assets.xcassets */,
				880BCC4F2EEDF9F900089BB3 /* AppTheme.swift */,
				882919942EECB76F0050C8A8 /* CameraPermissionManager.swift */,
				888AF1372ED64B9500EB16CC /* PouchCellInspecter */,
				DC46066E2EF00788005EB67B /* PouchCellInspecterTests */,
				888AF1362ED64B9500EB16CC /* Products */,
			);
			sourceTree = "<group>";
		};
		888AF1362ED64B9500EB16CC /* Products */ = {
			isa = PBXGroup;
			children = (
				888AF1352ED64B9500EB16CC /* PouchCellInspecter.app */,
				DC46066D2EF00788005EB67B /* PouchCellInspecterTests.xctest */,
			);
			name = Products;
			sourceTree = "<group>";
		};
/* End PBXGroup section */

/* Begin PBXNativeTarget section */
		888AF1342ED64B9500EB16CC /* PouchCellInspecter */ = {
			isa = PBXNativeTarget;
			buildConfigurationList = 888AF1402ED64B9500EB16CC /* Build configuration list for PBXNativeTarget "PouchCellInspecter" */;
			buildPhases = (
				888AF1312ED64B9500EB16CC /* Sources */,
				888AF1322ED64B9500EB16CC /* Frameworks */,
				888AF1332ED64B9500EB16CC /* Resources */,
			);
			buildRules = (
			);
			dependencies = (
			);
			fileSystemSynchronizedGroups = (
				888AF1372ED64B9500EB16CC /* PouchCellInspecter */,
			);
			name = PouchCellInspecter;
			packageProductDependencies = (
			);
			productName = PouchCellInspecter;
			productReference = 888AF1352ED64B9500EB16CC /* PouchCellInspecter.app */;
			productType = "com.apple.product-type.application";
		};
		DC46066C2EF00788005EB67B /* PouchCellInspecterTests */ = {
			isa = PBXNativeTarget;
			buildConfigurationList = DC4606732EF00788005EB67B /* Build configuration list for PBXNativeTarget "PouchCellInspecterTests" */;
			buildPhases = (
				DC4606692EF00788005EB67B /* Sources */,
				DC46066A2EF00788005EB67B /* Frameworks */,
				DC46066B2EF00788005EB67B /* Resources */,
			);
			buildRules = (
			);
			dependencies = (
				DC4606722EF00788005EB67B /* PBXTargetDependency */,
			);
			fileSystemSynchronizedGroups = (
				DC46066E2EF00788005EB67B /* PouchCellInspecterTests */,
			);
			name = PouchCellInspecterTests;
			packageProductDependencies = (
			);
			productName = PouchCellInspecterTests;
			productReference = DC46066D2EF00788005EB67B /* PouchCellInspecterTests.xctest */;
			productType = "com.apple.product-type.bundle.unit-test";
		};
/* End PBXNativeTarget section */

/* Begin PBXProject section */
		888AF12D2ED64B9500EB16CC /* Project object */ = {
			isa = PBXProject;
			attributes = {
				BuildIndependentTargetsInParallel = 1;
				LastSwiftUpdateCheck = 1640;
				LastUpgradeCheck = 2600;
				TargetAttributes = {
					888AF1342ED64B9500EB16CC = {
						CreatedOnToolsVersion = 26.0.1;
					};
					DC46066C2EF00788005EB67B = {
						CreatedOnToolsVersion = 16.4;
						TestTargetID = 888AF1342ED64B9500EB16CC;
					};
				};
			};
			buildConfigurationList = 888AF1302ED64B9500EB16CC /* Build configuration list for PBXProject "PouchCellInspecter" */;
			developmentRegion = en;
			hasScannedForEncodings = 0;
			knownRegions = (
				en,
				Base,
			);
			mainGroup = 888AF12C2ED64B9500EB16CC;
			minimizedProjectReferenceProxies = 1;
			preferredProjectObjectVersion = 77;
			productRefGroup = 888AF1362ED64B9500EB16CC /* Products */;
			projectDirPath = "";
			projectRoot = "";
			targets = (
				888AF1342ED64B9500EB16CC /* PouchCellInspecter */,
				DC46066C2EF00788005EB67B /* PouchCellInspecterTests */,
			);
		};
/* End PBXProject section */

/* Begin PBXResourcesBuildPhase section */
		888AF1332ED64B9500EB16CC /* Resources */ = {
			isa = PBXResourcesBuildPhase;
			buildActionMask = 2147483647;
			files = (
				883754502F16E74A00021F8D /* Assets.xcassets in Resources */,
			);
			runOnlyForDeploymentPostprocessing = 0;
		};
		DC46066B2EF00788005EB67B /* Resources */ = {
			isa = PBXResourcesBuildPhase;
			buildActionMask = 2147483647;
			files = (
			);
			runOnlyForDeploymentPostprocessing = 0;
		};
/* End PBXResourcesBuildPhase section */

/* Begin PBXSourcesBuildPhase section */
		888AF1312ED64B9500EB16CC /* Sources */ = {
			isa = PBXSourcesBuildPhase;
			buildActionMask = 2147483647;
			files = (
				880BCC502EEDF9F900089BB3 /* AppTheme.swift in Sources */,
				8846F77D2F2407BA0011F803 /* SpeechManager.swift in Sources */,
				8846F77F2F2407F00011F803 /* SpeechSettings.swift in Sources */,
				888364702F200CAA00CB5773 /* MenuView.swift in Sources */,
				882919952EECB76F0050C8A8 /* CameraPermissionManager.swift in Sources */,
				DC34875A2EF1F5750006D3AE /* AllViews.swift in Sources */,
				8806F3B92EE0B0B50082B105 /* CameraView.swift in Sources */,
				886540D12EE681A70010D08D /* OnboardingView.swift in Sources */,
			);
			runOnlyForDeploymentPostprocessing = 0;
		};
		DC4606692EF00788005EB67B /* Sources */ = {
			isa = PBXSourcesBuildPhase;
			buildActionMask = 2147483647;
			files = (
			);
			runOnlyForDeploymentPostprocessing = 0;
		};
/* End PBXSourcesBuildPhase section */

/* Begin PBXTargetDependency section */
		DC4606722EF00788005EB67B /* PBXTargetDependency */ = {
			isa = PBXTargetDependency;
			target = 888AF1342ED64B9500EB16CC /* PouchCellInspecter */;
			targetProxy = DC4606712EF00788005EB67B /* PBXContainerItemProxy */;
		};
/* End PBXTargetDependency section */

/* Begin XCBuildConfiguration section */
		888AF13E2ED64B9500EB16CC /* Debug */ = {
			isa = XCBuildConfiguration;
			buildSettings = {
				ALWAYS_SEARCH_USER_PATHS = NO;
				ASSETCATALOG_COMPILER_GENERATE_SWIFT_ASSET_SYMBOL_EXTENSIONS = YES;
				CLANG_ANALYZER_NONNULL = YES;
				CLANG_ANALYZER_NUMBER_OBJECT_CONVERSION = YES_AGGRESSIVE;
				CLANG_CXX_LANGUAGE_STANDARD = "gnu++20";
				CLANG_ENABLE_MODULES = YES;
				CLANG_ENABLE_OBJC_ARC = YES;
				CLANG_ENABLE_OBJC_WEAK = YES;
				CLANG_WARN_BLOCK_CAPTURE_AUTORELEASING = YES;
				CLANG_WARN_BOOL_CONVERSION = YES;
				CLANG_WARN_COMMA = YES;
				CLANG_WARN_CONSTANT_CONVERSION = YES;
				CLANG_WARN_DEPRECATED_OBJC_IMPLEMENTATIONS = YES;
				CLANG_WARN_DIRECT_OBJC_ISA_USAGE = YES_ERROR;
				CLANG_WARN_DOCUMENTATION_COMMENTS = YES;
				CLANG_WARN_EMPTY_BODY = YES;
				CLANG_WARN_ENUM_CONVERSION = YES;
				CLANG_WARN_INFINITE_RECURSION = YES;
				CLANG_WARN_INT_CONVERSION = YES;
				CLANG_WARN_NON_LITERAL_NULL_CONVERSION = YES;
				CLANG_WARN_OBJC_IMPLICIT_RETAIN_SELF = YES;
				CLANG_WARN_OBJC_LITERAL_CONVERSION = YES;
				CLANG_WARN_OBJC_ROOT_CLASS = YES_ERROR;
				CLANG_WARN_QUOTED_INCLUDE_IN_FRAMEWORK_HEADER = YES;
				CLANG_WARN_RANGE_LOOP_ANALYSIS = YES;
				CLANG_WARN_STRICT_PROTOTYPES = YES;
				CLANG_WARN_SUSPICIOUS_MOVE = YES;
				CLANG_WARN_UNGUARDED_AVAILABILITY = YES_AGGRESSIVE;
				CLANG_WARN_UNREACHABLE_CODE = YES;
				CLANG_WARN__DUPLICATE_METHOD_MATCH = YES;
				COPY_PHASE_STRIP = NO;
				DEBUG_INFORMATION_FORMAT = dwarf;
				DEVELOPMENT_TEAM = 748PM6VCVK;
				ENABLE_STRICT_OBJC_MSGSEND = YES;
				ENABLE_TESTABILITY = YES;
				ENABLE_USER_SCRIPT_SANDBOXING = YES;
				GCC_C_LANGUAGE_STANDARD = gnu17;
				GCC_DYNAMIC_NO_PIC = NO;
				GCC_NO_COMMON_BLOCKS = YES;
				GCC_OPTIMIZATION_LEVEL = 0;
				GCC_PREPROCESSOR_DEFINITIONS = (
					"DEBUG=1",
					"$(inherited)",
				);
				GCC_WARN_64_TO_32_BIT_CONVERSION = YES;
				GCC_WARN_ABOUT_RETURN_TYPE = YES_ERROR;
				GCC_WARN_UNDECLARED_SELECTOR = YES;
				GCC_WARN_UNINITIALIZED_AUTOS = YES_AGGRESSIVE;
				GCC_WARN_UNUSED_FUNCTION = YES;
				GCC_WARN_UNUSED_VARIABLE = YES;
				IPHONEOS_DEPLOYMENT_TARGET = 26.0;
				LOCALIZATION_PREFERS_STRING_CATALOGS = YES;
				MTL_ENABLE_DEBUG_INFO = INCLUDE_SOURCE;
				MTL_FAST_MATH = YES;
				ONLY_ACTIVE_ARCH = YES;
				SDKROOT = iphoneos;
				SWIFT_ACTIVE_COMPILATION_CONDITIONS = "DEBUG $(inherited)";
				SWIFT_OPTIMIZATION_LEVEL = "-Onone";
			};
			name = Debug;
		};
		888AF13F2ED64B9500EB16CC /* Release */ = {
			isa = XCBuildConfiguration;
			buildSettings = {
				ALWAYS_SEARCH_USER_PATHS = NO;
				ASSETCATALOG_COMPILER_GENERATE_SWIFT_ASSET_SYMBOL_EXTENSIONS = YES;
				CLANG_ANALYZER_NONNULL = YES;
				CLANG_ANALYZER_NUMBER_OBJECT_CONVERSION = YES_AGGRESSIVE;
				CLANG_CXX_LANGUAGE_STANDARD = "gnu++20";
				CLANG_ENABLE_MODULES = YES;
				CLANG_ENABLE_OBJC_ARC = YES;
				CLANG_ENABLE_OBJC_WEAK = YES;
				CLANG_WARN_BLOCK_CAPTURE_AUTORELEASING = YES;
				CLANG_WARN_BOOL_CONVERSION = YES;
				CLANG_WARN_COMMA = YES;
				CLANG_WARN_CONSTANT_CONVERSION = YES;
				CLANG_WARN_DEPRECATED_OBJC_IMPLEMENTATIONS = YES;
				CLANG_WARN_DIRECT_OBJC_ISA_USAGE = YES_ERROR;
				CLANG_WARN_DOCUMENTATION_COMMENTS = YES;
				CLANG_WARN_EMPTY_BODY = YES;
				CLANG_WARN_ENUM_CONVERSION = YES;
				CLANG_WARN_INFINITE_RECURSION = YES;
				CLANG_WARN_INT_CONVERSION = YES;
				CLANG_WARN_NON_LITERAL_NULL_CONVERSION = YES;
				CLANG_WARN_OBJC_IMPLICIT_RETAIN_SELF = YES;
				CLANG_WARN_OBJC_LITERAL_CONVERSION = YES;
				CLANG_WARN_OBJC_ROOT_CLASS = YES_ERROR;
				CLANG_WARN_QUOTED_INCLUDE_IN_FRAMEWORK_HEADER = YES;
				CLANG_WARN_RANGE_LOOP_ANALYSIS = YES;
				CLANG_WARN_STRICT_PROTOTYPES = YES;
				CLANG_WARN_SUSPICIOUS_MOVE = YES;
				CLANG_WARN_UNGUARDED_AVAILABILITY = YES_AGGRESSIVE;
				CLANG_WARN_UNREACHABLE_CODE = YES;
				CLANG_WARN__DUPLICATE_METHOD_MATCH = YES;
				COPY_PHASE_STRIP = NO;
				DEBUG_INFORMATION_FORMAT = "dwarf-with-dsym";
				DEVELOPMENT_TEAM = 748PM6VCVK;
				ENABLE_NS_ASSERTIONS = NO;
				ENABLE_STRICT_OBJC_MSGSEND = YES;
				ENABLE_USER_SCRIPT_SANDBOXING = YES;
				GCC_C_LANGUAGE_STANDARD = gnu17;
				GCC_NO_COMMON_BLOCKS = YES;
				GCC_WARN_64_TO_32_BIT_CONVERSION = YES;
				GCC_WARN_ABOUT_RETURN_TYPE = YES_ERROR;
				GCC_WARN_UNDECLARED_SELECTOR = YES;
				GCC_WARN_UNINITIALIZED_AUTOS = YES_AGGRESSIVE;
				GCC_WARN_UNUSED_FUNCTION = YES;
				GCC_WARN_UNUSED_VARIABLE = YES;
				IPHONEOS_DEPLOYMENT_TARGET = 26.0;
				LOCALIZATION_PREFERS_STRING_CATALOGS = YES;
				MTL_ENABLE_DEBUG_INFO = NO;
				MTL_FAST_MATH = YES;
				SDKROOT = iphoneos;
				SWIFT_COMPILATION_MODE = wholemodule;
				VALIDATE_PRODUCT = YES;
			};
			name = Release;
		};
		888AF1412ED64B9500EB16CC /* Debug */ = {
			isa = XCBuildConfiguration;
			buildSettings = {
				ASSETCATALOG_COMPILER_APPICON_NAME = AppIcon;
				ASSETCATALOG_COMPILER_GLOBAL_ACCENT_COLOR_NAME = AccentColor;
				CODE_SIGN_STYLE = Automatic;
				CURRENT_PROJECT_VERSION = 2;
				DEVELOPMENT_TEAM = 748PM6VCVK;
				ENABLE_PREVIEWS = YES;
				GENERATE_INFOPLIST_FILE = YES;
				INFOPLIST_KEY_NSCameraUsageDescription = "“We use the camera to take a picture of your battery to determine if your battery is bulging.”";
				INFOPLIST_KEY_UIApplicationSceneManifest_Generation = YES;
				INFOPLIST_KEY_UIApplicationSupportsIndirectInputEvents = YES;
				INFOPLIST_KEY_UILaunchScreen_Generation = YES;
				INFOPLIST_KEY_UISupportedInterfaceOrientations_iPad = "UIInterfaceOrientationPortrait UIInterfaceOrientationPortraitUpsideDown UIInterfaceOrientationLandscapeLeft UIInterfaceOrientationLandscapeRight";
				INFOPLIST_KEY_UISupportedInterfaceOrientations_iPhone = "UIInterfaceOrientationPortrait UIInterfaceOrientationLandscapeLeft UIInterfaceOrientationLandscapeRight";
				IPHONEOS_DEPLOYMENT_TARGET = 17.4;
				LD_RUNPATH_SEARCH_PATHS = (
					"$(inherited)",
					"@executable_path/Frameworks",
				);
				MARKETING_VERSION = 0.1.1;
				PRODUCT_BUNDLE_IDENTIFIER = oqubak.PouchCellInspecter;
				PRODUCT_NAME = "$(TARGET_NAME)";
				STRING_CATALOG_GENERATE_SYMBOLS = YES;
				SWIFT_APPROACHABLE_CONCURRENCY = YES;
				SWIFT_DEFAULT_ACTOR_ISOLATION = MainActor;
				SWIFT_EMIT_LOC_STRINGS = YES;
				SWIFT_UPCOMING_FEATURE_MEMBER_IMPORT_VISIBILITY = YES;
				SWIFT_VERSION = 5.0;
				TARGETED_DEVICE_FAMILY = "1,2";
			};
			name = Debug;
		};
		888AF1422ED64B9500EB16CC /* Release */ = {
			isa = XCBuildConfiguration;
			buildSettings = {
				ASSETCATALOG_COMPILER_APPICON_NAME = AppIcon;
				ASSETCATALOG_COMPILER_GLOBAL_ACCENT_COLOR_NAME = AccentColor;
				CODE_SIGN_STYLE = Automatic;
				CURRENT_PROJECT_VERSION = 2;
				DEVELOPMENT_TEAM = 748PM6VCVK;
				ENABLE_PREVIEWS = YES;
				GENERATE_INFOPLIST_FILE = YES;
				INFOPLIST_KEY_NSCameraUsageDescription = "“We use the camera to take a picture of your battery to determine if your battery is bulging.”";
				INFOPLIST_KEY_UIApplicationSceneManifest_Generation = YES;
				INFOPLIST_KEY_UIApplicationSupportsIndirectInputEvents = YES;
				INFOPLIST_KEY_UILaunchScreen_Generation = YES;
				INFOPLIST_KEY_UISupportedInterfaceOrientations_iPad = "UIInterfaceOrientationPortrait UIInterfaceOrientationPortraitUpsideDown UIInterfaceOrientationLandscapeLeft UIInterfaceOrientationLandscapeRight";
				INFOPLIST_KEY_UISupportedInterfaceOrientations_iPhone = "UIInterfaceOrientationPortrait UIInterfaceOrientationLandscapeLeft UIInterfaceOrientationLandscapeRight";
				IPHONEOS_DEPLOYMENT_TARGET = 17.4;
				LD_RUNPATH_SEARCH_PATHS = (
					"$(inherited)",
					"@executable_path/Frameworks",
				);
				MARKETING_VERSION = 0.1.1;
				PRODUCT_BUNDLE_IDENTIFIER = oqubak.PouchCellInspecter;
				PRODUCT_NAME = "$(TARGET_NAME)";
				STRING_CATALOG_GENERATE_SYMBOLS = YES;
				SWIFT_APPROACHABLE_CONCURRENCY = YES;
				SWIFT_DEFAULT_ACTOR_ISOLATION = MainActor;
				SWIFT_EMIT_LOC_STRINGS = YES;
				SWIFT_UPCOMING_FEATURE_MEMBER_IMPORT_VISIBILITY = YES;
				SWIFT_VERSION = 5.0;
				TARGETED_DEVICE_FAMILY = "1,2";
			};
			name = Release;
		};
		DC4606742EF00788005EB67B /* Debug */ = {
			isa = XCBuildConfiguration;
			buildSettings = {
				BUNDLE_LOADER = "$(TEST_HOST)";
				CODE_SIGN_STYLE = Automatic;
				CURRENT_PROJECT_VERSION = 1;
				DEVELOPMENT_TEAM = "";
				GENERATE_INFOPLIST_FILE = YES;
				IPHONEOS_DEPLOYMENT_TARGET = 18.5;
				MARKETING_VERSION = 1.0;
				PRODUCT_BUNDLE_IDENTIFIER = oqubak.PouchCellInspecterTests;
				PRODUCT_NAME = "$(TARGET_NAME)";
				SWIFT_EMIT_LOC_STRINGS = NO;
				SWIFT_VERSION = 5.0;
				TARGETED_DEVICE_FAMILY = "1,2";
				TEST_HOST = "$(BUILT_PRODUCTS_DIR)/PouchCellInspecter.app/$(BUNDLE_EXECUTABLE_FOLDER_PATH)/PouchCellInspecter";
			};
			name = Debug;
		};
		DC4606752EF00788005EB67B /* Release */ = {
			isa = XCBuildConfiguration;
			buildSettings = {
				BUNDLE_LOADER = "$(TEST_HOST)";
				CODE_SIGN_STYLE = Automatic;
				CURRENT_PROJECT_VERSION = 1;
				DEVELOPMENT_TEAM = "";
				GENERATE_INFOPLIST_FILE = YES;
				IPHONEOS_DEPLOYMENT_TARGET = 18.5;
				MARKETING_VERSION = 1.0;
				PRODUCT_BUNDLE_IDENTIFIER = oqubak.PouchCellInspecterTests;
				PRODUCT_NAME = "$(TARGET_NAME)";
				SWIFT_EMIT_LOC_STRINGS = NO;
				SWIFT_VERSION = 5.0;
				TARGETED_DEVICE_FAMILY = "1,2";
				TEST_HOST = "$(BUILT_PRODUCTS_DIR)/PouchCellInspecter.app/$(BUNDLE_EXECUTABLE_FOLDER_PATH)/PouchCellInspecter";
			};
			name = Release;
		};
/* End XCBuildConfiguration section */

/* Begin XCConfigurationList section */
		888AF1302ED64B9500EB16CC /* Build configuration list for PBXProject "PouchCellInspecter" */ = {
			isa = XCConfigurationList;
			buildConfigurations = (
				888AF13E2ED64B9500EB16CC /* Debug */,
				888AF13F2ED64B9500EB16CC /* Release */,
			);
			defaultConfigurationIsVisible = 0;
			defaultConfigurationName = Release;
		};
		888AF1402ED64B9500EB16CC /* Build configuration list for PBXNativeTarget "PouchCellInspecter" */ = {
			isa = XCConfigurationList;
			buildConfigurations = (
				888AF1412ED64B9500EB16CC /* Debug */,
				888AF1422ED64B9500EB16CC /* Release */,
			);
			defaultConfigurationIsVisible = 0;
			defaultConfigurationName = Release;
		};
		DC4606732EF00788005EB67B /* Build configuration list for PBXNativeTarget "PouchCellInspecterTests" */ = {
			isa = XCConfigurationList;
			buildConfigurations = (
				DC4606742EF00788005EB67B /* Debug */,
				DC4606752EF00788005EB67B /* Release */,
			);
			defaultConfigurationIsVisible = 0;
			defaultConfigurationName = Release;
		};
/* End XCConfigurationList section */
	};
	rootObject = 888AF12D2ED64B9500EB16CC /* Project object */;
}
